
Microsoft Visual Studio Solution File, Format Version 12.00
# Visual Studio Version 16
VisualStudioVersion = 16.0.29905.134
MinimumVisualStudioVersion = 10.0.40219.1
Project("{FAE04EC0-301F-11D3-BF4B-00C04F79EFBC}") = "find_undercover_cop", "find_undercover_cop\find_undercover_cop.csproj", "{28148E8C-3C5F-4283-AE85-8B2E9ECFF1DB}"
EndProject
Global
	GlobalSection(SolutionConfigurationPlatforms) = preSolution
		Debug|Any CPU = Debug|Any CPU
		Release|Any CPU = Release|Any CPU
	EndGlobalSection
	GlobalSection(ProjectConfigurationPlatforms) = postSolution
		{28148E8C-3C5F-4283-AE85-8B2E9ECFF1DB}.Debug|Any CPU.ActiveCfg = Debug|Any CPU
		{28148E8C-3C5F-4283-AE85-8B2E9ECFF1DB}.Debug|Any CPU.Build.0 = Debug|Any CPU
		{28148E8C-3C5F-4283-AE85-8B2E9ECFF1DB}.Release|Any CPU.ActiveCfg = Release|Any CPU
		{28148E8C-3C5F-4283-AE85-8B2E9ECFF1DB}.Release|Any CPU.Build.0 = Release|Any CPU
	EndGlobalSection
	GlobalSection(SolutionProperties) = preSolution
		HideSolutionNode = FALSE
	EndGlobalSection
	GlobalSection(ExtensibilityGlobals) = postSolution
		SolutionGuid = {C38B2D64-31FD-437D-BBFB-F05B07CC876F}
	EndGlobalSection
EndGlobal
